#MicroXplorer Configuration settings - do not modify
FSMC.AddressSetupTime1=0
FSMC.BusTurnAroundDuration1=0
FSMC.DataSetupTime1=1
FSMC.ExtendedAddressSetupTime1=0
FSMC.ExtendedBusTurnAroundDuration1=0
FSMC.ExtendedDataSetupTime1=2
FSMC.ExtendedMode1=FSMC_EXTENDED_MODE_ENABLE
FSMC.IPParameters=ExtendedMode1,AddressSetupTime1,DataSetupTime1,BusTurnAroundDuration1,ExtendedAddressSetupTime1,ExtendedDataSetupTime1,ExtendedBusTurnAroundDuration1
File.Version=6
KeepUserPlacement=false
Mcu.Family=STM32F1
Mcu.IP0=FSMC
Mcu.IP1=NVIC
Mcu.IP2=RCC
Mcu.IP3=SYS
Mcu.IP4=TIM1
Mcu.IP5=USART1
Mcu.IPNb=6
Mcu.Name=STM32F103V(C-D-E)Tx
Mcu.Package=LQFP100
Mcu.Pin0=OSC_IN
Mcu.Pin1=OSC_OUT
Mcu.Pin10=PE15
Mcu.Pin11=PD8
Mcu.Pin12=PD9
Mcu.Pin13=PD10
Mcu.Pin14=PD11
Mcu.Pin15=PD14
Mcu.Pin16=PD15
Mcu.Pin17=PA9
Mcu.Pin18=PA10
Mcu.Pin19=PA13
Mcu.Pin2=PE7
Mcu.Pin20=PA14
Mcu.Pin21=PD0
Mcu.Pin22=PD1
Mcu.Pin23=PD4
Mcu.Pin24=PD5
Mcu.Pin25=PD7
Mcu.Pin26=VP_SYS_VS_Systick
Mcu.Pin27=VP_TIM1_VS_ClockSourceINT
Mcu.Pin3=PE8
Mcu.Pin4=PE9
Mcu.Pin5=PE10
Mcu.Pin6=PE11
Mcu.Pin7=PE12
Mcu.Pin8=PE13
Mcu.Pin9=PE14
Mcu.PinsNb=28
Mcu.ThirdPartyNb=0
Mcu.UserConstants=
Mcu.UserName=STM32F103VCTx
MxCube.Version=4.24.0
MxDb.Version=DB.4.0.240
NVIC.BusFault_IRQn=true\:0\:0\:false\:false\:true\:false
NVIC.DebugMonitor_IRQn=true\:0\:0\:false\:false\:true\:false
NVIC.HardFault_IRQn=true\:0\:0\:false\:false\:true\:false
NVIC.MemoryManagement_IRQn=true\:0\:0\:false\:false\:true\:false
NVIC.NonMaskableInt_IRQn=true\:0\:0\:false\:false\:true\:false
NVIC.PendSV_IRQn=true\:0\:0\:false\:false\:true\:false
NVIC.PriorityGroup=NVIC_PRIORITYGROUP_4
NVIC.SVCall_IRQn=true\:0\:0\:false\:false\:true\:false
NVIC.SysTick_IRQn=true\:0\:0\:false\:false\:true\:false
NVIC.TIM1_BRK_IRQn=true\:0\:0\:false\:false\:true\:true
NVIC.TIM1_UP_IRQn=true\:0\:0\:false\:false\:true\:true
NVIC.UsageFault_IRQn=true\:0\:0\:false\:false\:true\:false
OSC_IN.Mode=HSE-External-Oscillator
OSC_IN.Signal=RCC_OSC_IN
OSC_OUT.Mode=HSE-External-Oscillator
OSC_OUT.Signal=RCC_OSC_OUT
PA10.Mode=Asynchronous
PA10.Signal=USART1_RX
PA13.Mode=Serial_Wire
PA13.Signal=SYS_JTMS-SWDIO
PA14.Mode=Serial_Wire
PA14.Signal=SYS_JTCK-SWCLK
PA9.Mode=Asynchronous
PA9.Signal=USART1_TX
PCC.Checker=false
PCC.Line=STM32F103
PCC.MCU=STM32F103V(C-D-E)Tx
PCC.PartNumber=STM32F103VCTx
PCC.Seq0=0
PCC.Series=STM32F1
PCC.Temperature=25
PCC.Vdd=3.3
PD0.Mode=16b-d1
PD0.Signal=FSMC_D2
PD1.Mode=16b-d1
PD1.Signal=FSMC_D3
PD10.Mode=16b-d1
PD10.Signal=FSMC_D15
PD11.Mode=A16_1
PD11.Signal=FSMC_A16
PD14.Mode=16b-d1
PD14.Signal=FSMC_D0
PD15.Mode=16b-d1
PD15.Signal=FSMC_D1
PD4.Mode=Lcd1
PD4.Signal=FSMC_NOE
PD5.Mode=Lcd1
PD5.Signal=FSMC_NWE
PD7.Mode=NorPsramChipSelect1_1
PD7.Signal=FSMC_NE1
PD8.Mode=16b-d1
PD8.Signal=FSMC_D13
PD9.Mode=16b-d1
PD9.Signal=FSMC_D14
PE10.Mode=16b-d1
PE10.Signal=FSMC_D7
PE11.Mode=16b-d1
PE11.Signal=FSMC_D8
PE12.Mode=16b-d1
PE12.Signal=FSMC_D9
PE13.Mode=16b-d1
PE13.Signal=FSMC_D10
PE14.Mode=16b-d1
PE14.Signal=FSMC_D11
PE15.Mode=16b-d1
PE15.Signal=FSMC_D12
PE7.Mode=16b-d1
PE7.Signal=FSMC_D4
PE8.Mode=16b-d1
PE8.Signal=FSMC_D5
PE9.Mode=16b-d1
PE9.Signal=FSMC_D6
PinOutPanel.RotationAngle=0
ProjectManager.AskForMigrate=true
ProjectManager.BackupPrevious=false
ProjectManager.CompilerOptimize=2
ProjectManager.ComputerToolchain=false
ProjectManager.CoupleFile=false
ProjectManager.CustomerFirmwarePackage=C\:/Users/USER/STM32Cube/Repository/STM32Cube_FW_F1_V1.6.0
ProjectManager.DefaultFWLocation=true
ProjectManager.DeletePrevious=true
ProjectManager.DeviceId=STM32F103VCTx
ProjectManager.FirmwarePackage=STM32Cube FW_F1 V1.6.0
ProjectManager.FreePins=false
ProjectManager.HalAssertFull=false
ProjectManager.HeapSize=0x200
ProjectManager.KeepUserCode=true
ProjectManager.LastFirmware=true
ProjectManager.LibraryCopy=0
ProjectManager.PreviousToolchain=
ProjectManager.ProjectBuild=false
ProjectManager.ProjectFileName=ILI9325_FSMC.ioc
ProjectManager.ProjectName=ILI9325_FSMC
ProjectManager.StackSize=0x400
ProjectManager.TargetToolchain=MDK-ARM V5
ProjectManager.ToolChainLocation=
ProjectManager.UnderRoot=false
ProjectManager.functionlistsort=1-MX_GPIO_Init-GPIO-false-HAL-true,2-SystemClock_Config-RCC-false-HAL-true,3-MX_FSMC_Init-FSMC-false-HAL-true,4-MX_USART1_UART_Init-USART1-false-HAL-true,5-MX_TIM1_Init-TIM1-false-HAL-true
RCC.ADCFreqValue=36000000
RCC.AHBFreq_Value=72000000
RCC.APB1CLKDivider=RCC_HCLK_DIV2
RCC.APB1Freq_Value=36000000
RCC.APB1TimFreq_Value=72000000
RCC.APB2Freq_Value=72000000
RCC.APB2TimFreq_Value=72000000
RCC.FCLKCortexFreq_Value=72000000
RCC.FSMCFreq_Value=72000000
RCC.FamilyName=M
RCC.HCLKFreq_Value=72000000
RCC.I2S2Freq_Value=72000000
RCC.I2S3Freq_Value=72000000
RCC.IPParameters=ADCFreqValue,AHBFreq_Value,APB1CLKDivider,APB1Freq_Value,APB1TimFreq_Value,APB2Freq_Value,APB2TimFreq_Value,FCLKCortexFreq_Value,FSMCFreq_Value,FamilyName,HCLKFreq_Value,I2S2Freq_Value,I2S3Freq_Value,MCOFreq_Value,PLLCLKFreq_Value,PLLMCOFreq_Value,PLLMUL,PLLSourceVirtual,SDIOFreq_Value,SDIOHCLKDiv2FreqValue,SYSCLKFreq_VALUE,SYSCLKSource,TimSysFreq_Value,USBFreq_Value,VCOOutput2Freq_Value
RCC.MCOFreq_Value=72000000
RCC.PLLCLKFreq_Value=72000000
RCC.PLLMCOFreq_Value=36000000
RCC.PLLMUL=RCC_PLL_MUL9
RCC.PLLSourceVirtual=RCC_PLLSOURCE_HSE
RCC.SDIOFreq_Value=72000000
RCC.SDIOHCLKDiv2FreqValue=36000000
RCC.SYSCLKFreq_VALUE=72000000
RCC.SYSCLKSource=RCC_SYSCLKSOURCE_PLLCLK
RCC.TimSysFreq_Value=72000000
RCC.USBFreq_Value=72000000
RCC.VCOOutput2Freq_Value=8000000
TIM1.AutoReloadPreload=TIM_AUTORELOAD_PRELOAD_ENABLE
TIM1.IPParameters=Prescaler,Period,AutoReloadPreload,TIM_MasterOutputTrigger
TIM1.Period=7200
TIM1.Prescaler=10
TIM1.TIM_MasterOutputTrigger=TIM_TRGO_UPDATE
USART1.IPParameters=VirtualMode
USART1.VirtualMode=VM_ASYNC
VP_SYS_VS_Systick.Mode=SysTick
VP_SYS_VS_Systick.Signal=SYS_VS_Systick
VP_TIM1_VS_ClockSourceINT.Mode=Internal
VP_TIM1_VS_ClockSourceINT.Signal=TIM1_VS_ClockSourceINT
board=ILI9325_FSMC
